
Microsoft Visual Studio Solution File, Format Version 12.00
# Visual Studio Version 17
VisualStudioVersion = 17.1.32210.238
MinimumVisualStudioVersion = 10.0.40219.1
Project("{FAE04EC0-301F-11D3-BF4B-00C04F79EFBC}") = "Projekt_PIV", "Projekt_PIV\Projekt_PIV.csproj", "{56270C6F-2F4A-4C05-8A87-BB145D9936EA}"
EndProject
Global
	GlobalSection(SolutionConfigurationPlatforms) = preSolution
		Debug|Any CPU = Debug|Any CPU
		Release|Any CPU = Release|Any CPU
	EndGlobalSection
	GlobalSection(ProjectConfigurationPlatforms) = postSolution
		{56270C6F-2F4A-4C05-8A87-BB145D9936EA}.Debug|Any CPU.ActiveCfg = Debug|Any CPU
		{56270C6F-2F4A-4C05-8A87-BB145D9936EA}.Debug|Any CPU.Build.0 = Debug|Any CPU
		{56270C6F-2F4A-4C05-8A87-BB145D9936EA}.Release|Any CPU.ActiveCfg = Release|Any CPU
		{56270C6F-2F4A-4C05-8A87-BB145D9936EA}.Release|Any CPU.Build.0 = Release|Any CPU
	EndGlobalSection
	GlobalSection(SolutionProperties) = preSolution
		HideSolutionNode = FALSE
	EndGlobalSection
	GlobalSection(ExtensibilityGlobals) = postSolution
		SolutionGuid = {092BAC82-AB00-4C30-B2FE-83B63EE5803F}
	EndGlobalSection
EndGlobal
